# THIS IS AN AUTOGENERATED FILE. DO NOT EDIT THIS FILE DIRECTLY.
# yarn lockfile v1


"@babel/runtime@^7.22.10", "@babel/runtime@^7.22.6":
  version "7.23.1"
  resolved "https://registry.npmjs.org/@babel/runtime/-/runtime-7.23.1.tgz"
  integrity sha512-hC2v6p8ZSI/W0HUzh3V8C5g+NwSKzKPtJwSpTjwl0o297GP9+ZLQSkdvHz46CM3LqyoXxq+5G9komY+eSqSO0g==
  dependencies:
    regenerator-runtime "^0.14.0"

aac@0.1.x:
  version "0.1.3"
  resolved "https://registry.npmjs.org/aac/-/aac-0.1.3.tgz"
  integrity sha512-mhkqrzCOMndmoQovW43ry8tkMttuvKcpU0u9/K7zI+lF5NtCY2NE+HwAPiEgd3rHK7IuBT1ZsGL+LKeCPW9btQ==

abc@0.5.x:
  version "0.5.1"
  resolved "https://registry.npmjs.org/abc/-/abc-0.5.1.tgz"
  integrity sha512-WRBP9wjuEdmzw1yFHCVf7Qp/PXSmfuUSX3FSs+5+uLG4qGKmhOPKl8LtZaG0p6xxuB6hX1tIzH4VaHL23+bU5A==

alac@0.1.x:
  version "0.1.0"
  resolved "https://registry.npmjs.org/alac/-/alac-0.1.0.tgz"
  integrity sha512-+NBR/Nj/5zndHO7Oz4EOE7Qj+v+hk/0edJerBhjMQRznyjfaYV6/W+tUOOlLTZ0BWWD4p6eb11KKDHoPW5LsCw==

assertion-error@1.0.0:
  version "1.0.0"
  resolved "https://registry.npmjs.org/assertion-error/-/assertion-error-1.0.0.tgz"
  integrity sha512-g/gZV+G476cnmtYI+Ko9d5khxSoCSoom/EaNmmCfwpOvBXEJ18qwFrxfP1/CsIqk2no1sAKKwxndV0tP7ROOFQ==

async@0.2.x:
  version "0.2.10"
  resolved "https://registry.npmjs.org/async/-/async-0.2.10.tgz"
  integrity sha512-eAkdoKxU6/LkKDBzLpT+t6Ff5EtfSF4wx1WfJiPEEV7WNLnDaRXk0oVysiEPm262roaachGexwUv94WhSgN5TQ==

async@0.9.x:
  version "0.9.2"
  resolved "https://registry.npmjs.org/async/-/async-0.9.2.tgz"
  integrity sha512-l6ToIJIotphWahxxHyzK9bnLR6kM4jJIIgLShZeqLY7iboHoGkdgFl7W2/Ivi4SkMJYGKqW8vSuk0uKUj6qsSw==

audiobuffer@0.2.x:
  version "0.2.0"
  resolved "https://registry.npmjs.org/audiobuffer/-/audiobuffer-0.2.0.tgz"
  integrity sha512-wEZ3iAOK1yNCy1PNcSe2V1pzzCV5rezYg0r/TRwojZBIVupQF56ioI0x5PGgatmWxJ4t8sWXymg8AFfopPXfrg==
  dependencies:
    underscore "1.4.x"

automation-events@^6.0.8:
  version "6.0.9"
  resolved "https://registry.npmjs.org/automation-events/-/automation-events-6.0.9.tgz"
  integrity sha512-JEJzZRfRb26FMWR8zE2D/H/n5n+NNFZh1BtmDcpZVJOhLYKLGFCImBuxChRBhpZaOyIxqobPtM839amAeu2H9g==
  dependencies:
    "@babel/runtime" "^7.22.6"
    tslib "^2.6.1"

av@~0.4.0, av@0.4.x:
  version "0.4.9"
  resolved "https://registry.npmjs.org/av/-/av-0.4.9.tgz"
  integrity sha512-MvkT0k+co6o+zLMrBFFeVhYcG/S/jzy+2p00c/VwA71q6g90J28qUNh93NabKrcN06bkwFK0OeiEpFsQd7TS7g==
  dependencies:
    coffeeify "^0.6.0"
    coffeescript "^1.7.1"
  optionalDependencies:
    speaker "^0.3.0"

bindings@^1.3.0:
  version "1.5.0"
  resolved "https://registry.npmjs.org/bindings/-/bindings-1.5.0.tgz"
  integrity sha512-p2q/t/mhvuOj/UeLlV6566GD/guowlr0hHxClI0W9m7MWYkL1F0hLo+0Aexs9HSPCtR1SXQ0TD3MMKrXZajbiQ==
  dependencies:
    file-uri-to-path "1.0.0"

buffer-alloc-unsafe@^1.1.0:
  version "1.1.0"
  resolved "https://registry.npmjs.org/buffer-alloc-unsafe/-/buffer-alloc-unsafe-1.1.0.tgz"
  integrity sha512-TEM2iMIEQdJ2yjPJoSIsldnleVaAk1oW3DBVUykyOLsEsFmEc9kn+SFFPz+gl54KQNxlDnAwCXosOS9Okx2xAg==

buffer-alloc@^1.1.0:
  version "1.2.0"
  resolved "https://registry.npmjs.org/buffer-alloc/-/buffer-alloc-1.2.0.tgz"
  integrity sha512-CFsHQgjtW1UChdXgbyJGtnm+O/uLQeZdtbDo8mfUgYXCHSM1wgrVxXm6bSyrUuErEb+4sYVGCzASBRot7zyrow==
  dependencies:
    buffer-alloc-unsafe "^1.1.0"
    buffer-fill "^1.0.0"

buffer-fill@^1.0.0:
  version "1.0.0"
  resolved "https://registry.npmjs.org/buffer-fill/-/buffer-fill-1.0.0.tgz"
  integrity sha512-T7zexNBwiiaCOGDg9xNX9PBmjrubblRkENuptryuI64URkXDFum9il/JGL8Lm8wYfAXpredVXXZz7eMHilimiQ==

chai@1.7.x:
  version "1.7.2"
  resolved "https://registry.npmjs.org/chai/-/chai-1.7.2.tgz"
  integrity sha512-iTItmoMR+S+g8g0xU7db2mrr2LeLMJ6Y+YJwJEOUSaVTzm6qyTBfj5r+5x+XQhlXUfVn6WfFS4sXpEtMg6Qwaw==
  dependencies:
    assertion-error "1.0.0"

coffee-script@~1.7.0:
  version "1.7.1"
  resolved "https://registry.npmjs.org/coffee-script/-/coffee-script-1.7.1.tgz"
  integrity sha512-W3s+SROY73OmrSGtPTTW/2wp2rmW5vuh0/tUuCK1NvTuyzLOVPccIP9whmhZ4cYWcr2NJPNENZIFaAMkTD5G3w==
  dependencies:
    mkdirp "~0.3.5"

coffeeify@^0.6.0:
  version "0.6.0"
  resolved "https://registry.npmjs.org/coffeeify/-/coffeeify-0.6.0.tgz"
  integrity sha512-nt2rZwyeqLnzdbC15ZUBnQtokHLqNnbgfpUMYzAk1Pa33hObdtXnDV0SmTj2DWbzp47MpR87ix3uKHyutnzjsg==
  dependencies:
    coffee-script "~1.7.0"
    convert-source-map "~0.3.3"
    through "~2.3.4"

coffeescript@^1.7.1:
  version "1.12.7"
  resolved "https://registry.npmjs.org/coffeescript/-/coffeescript-1.12.7.tgz"
  integrity sha512-pLXHFxQMPklVoEekowk8b3erNynC+DVJzChxS/LCBBgR6/8AJkHivkm//zbowcfc7BTCAjryuhx6gPqPRfsFoA==

coffeescript@^2.7.0:
  version "2.7.0"
  resolved "https://registry.npmjs.org/coffeescript/-/coffeescript-2.7.0.tgz"
  integrity sha512-hzWp6TUE2d/jCcN67LrW1eh5b/rSDKQK6oD6VMLlggYVUUFexgTH9z3dNYihzX4RMhze5FTUsUmOXViJKFQR/A==

convert-source-map@~0.3.3:
  version "0.3.5"
  resolved "https://registry.npmjs.org/convert-source-map/-/convert-source-map-0.3.5.tgz"
  integrity sha512-+4nRk0k3oEpwUB7/CalD7xE2z4VmtEnnq0GO2IPTkrooTrAhEsWvuLF5iWP1dXrwluki/azwXV1ve7gtYuPldg==

core-util-is@~1.0.0:
  version "1.0.3"
  resolved "https://registry.npmjs.org/core-util-is/-/core-util-is-1.0.3.tgz"
  integrity sha512-ZQBvi1DcpJ4GDqanjucZ2Hj3wEO5pZDS89BWbkcrvdxksJorwUDDZamX9ldFkp9aw2lmBDLgkObEA4DWNJ9FYQ==

debug@^4.0.0:
  version "4.3.4"
  resolved "https://registry.npmjs.org/debug/-/debug-4.3.4.tgz"
  integrity sha512-PRWFHuSU3eDtQJPvnNY7Jcket1j0t5OuOsFzPPzsekD52Zl8qUfFIPEiswXqIvHWGVHOgX+7G/vCNNhehwxfkQ==
  dependencies:
    ms "2.1.2"

fast-unique-numbers@^8.0.7:
  version "8.0.8"
  resolved "https://registry.npmjs.org/fast-unique-numbers/-/fast-unique-numbers-8.0.8.tgz"
  integrity sha512-TrtnK7tf1MfJ1gmWMM0rk6VGy2XVW8lV/7HjOUH+kd1gk27qHchDLhV83yq4NmASGA+ZnRozR99p2Sc2bE5s6Q==
  dependencies:
    "@babel/runtime" "^7.22.6"
    tslib "^2.6.1"

file-uri-to-path@1.0.0:
  version "1.0.0"
  resolved "https://registry.npmjs.org/file-uri-to-path/-/file-uri-to-path-1.0.0.tgz"
  integrity sha512-0Zt+s3L7Vf1biwWZ29aARiVYLx7iMGnEUl9x33fbB/j3jR81u/O2LbqK+Bm1CDSNDKVtJ/YjwY7TUd5SkeLQLw==

fili@^2.0.1:
  version "2.0.3"
  resolved "https://registry.npmjs.org/fili/-/fili-2.0.3.tgz"
  integrity sha512-NW/EY++EMP9f4mSpVCjg5PJnAkkxzh170My+R18sh4CSXu3Puxw3Cs4aQmXoUtNg1EonZmvmR5TLcKEJtX5hQg==

flac@0.3.x:
  version "0.3.0"
  resolved "https://registry.npmjs.org/flac/-/flac-0.3.0.tgz"
  integrity sha512-52oFJru3F/aELcnDwHtqDNXxruIZH7bE3vK6xQF4ALCelCZBXFggqPsPXPilVs9L242Iz1ROrbVX0UYXJMMinw==
  dependencies:
    abc "0.5.x"
    fsa "0.5.x"

fsa@0.5.x:
  version "0.5.1"
  resolved "https://registry.npmjs.org/fsa/-/fsa-0.5.1.tgz"
  integrity sha512-HMdf0zJNXwP5dxROQb/ncUv+9BxuO4NM5R6/pSbUdfu5CUzMOg7+iP4tQUtBIv18PaScukzfxGIqLyJ3d9wg3Q==

inherits@^2.0.4, inherits@~2.0.3:
  version "2.0.4"
  resolved "https://registry.npmjs.org/inherits/-/inherits-2.0.4.tgz"
  integrity sha512-k/vGaX4/Yla3WzyMCvTQOXYeIHvqOKtnqBduzTHpzpQZzAskKMhZ2K+EnBiSM9zGSoIFeMpXKxa4dYeZIQqewQ==

isarray@~1.0.0:
  version "1.0.0"
  resolved "https://registry.npmjs.org/isarray/-/isarray-1.0.0.tgz"
  integrity sha512-VLghIWNM6ELQzo7zwmcg0NmTVyWKYjvIeM83yjp0wRDTmUnrM678fQbcKBo6n2CJEF0szoG//ytg+TKla89ALQ==

mkdirp@~0.3.5:
  version "0.3.5"
  resolved "https://registry.npmjs.org/mkdirp/-/mkdirp-0.3.5.tgz"
  integrity sha512-8OCq0De/h9ZxseqzCH8Kw/Filf5pF/vMI6+BH7Lu0jXz2pqYCjTAQRolSxRIi+Ax+oCCjlxoJMP0YQ4XlrQNHg==

mp3@0.1.x:
  version "0.1.0"
  resolved "https://registry.npmjs.org/mp3/-/mp3-0.1.0.tgz"
  integrity sha512-W9SQWAS8Gn7VvBHBSYnCIz2KAEzZccY+OAKJvO9JRRFBc0MfQ0icb7K4O9Sst/3SW1wcScC+zLNPYoiU6sSXww==

ms@2.1.2:
  version "2.1.2"
  resolved "https://registry.npmjs.org/ms/-/ms-2.1.2.tgz"
  integrity sha512-sGkPx+VjMtmA6MX27oA4FBFELFCZZ4S4XqeGOXCv68tT+jb3vk/RyaKWP0PTKyWtmLSM0b+adUTEvbs1PEaH2w==

music-beat-detector@^0.1.1:
  version "0.1.1"
  resolved "https://registry.npmjs.org/music-beat-detector/-/music-beat-detector-0.1.1.tgz"
  integrity sha512-lF4EEyYwCsBo6J82inIj0hTlDIEiweaI5NukL7iiZUX0AFHWcPrFzHVBzm0FUsa9e9VlZbCLCCoyzF/00xIrgA==
  dependencies:
    fili "^2.0.1"
    sliding-window-max "^0.1.0"
    through2 "^3.0.0"

pcm-boilerplate@0.1.x:
  version "0.1.1"
  resolved "https://registry.npmjs.org/pcm-boilerplate/-/pcm-boilerplate-0.1.1.tgz"
  integrity sha512-2mU5wENQGQoiuYUiRbLJtI8cH7H+1yvjR400XfGH6JONyzERbSbAIFCJnfRUSfbGJi2WJdo1gbTjiTsDyFSY4Q==
  dependencies:
    async "0.2.x"
    chai "1.7.x"
    underscore "1.4.x"

process-nextick-args@~2.0.0:
  version "2.0.1"
  resolved "https://registry.npmjs.org/process-nextick-args/-/process-nextick-args-2.0.1.tgz"
  integrity sha512-3ouUOpQhtgrbOa17J7+uxOTpITYWaGP7/AhoR3+A+/1e9skrzelGi/dXzEYyvbxubEF6Wn2ypscTKiKJFFn1ag==

"readable-stream@2 || 3":
  version "2.3.8"
  resolved "https://registry.npmjs.org/readable-stream/-/readable-stream-2.3.8.tgz"
  integrity sha512-8p0AUk4XODgIewSi0l8Epjs+EVnWiK7NoDIEGU0HhE7+ZyY8D1IMY7odu5lRrFXGg71L15KG8QrPmum45RTtdA==
  dependencies:
    core-util-is "~1.0.0"
    inherits "~2.0.3"
    isarray "~1.0.0"
    process-nextick-args "~2.0.0"
    safe-buffer "~5.1.1"
    string_decoder "~1.1.1"
    util-deprecate "~1.0.1"

regenerator-runtime@^0.14.0:
  version "0.14.0"
  resolved "https://registry.npmjs.org/regenerator-runtime/-/regenerator-runtime-0.14.0.tgz"
  integrity sha512-srw17NI0TUWHuGa5CFGGmhfNIeja30WMBfbslPNhf6JrqQlLN5gcrvig1oqPxiVaXb0oW0XRKtH6Nngs5lKCIA==

safe-buffer@~5.1.0, safe-buffer@~5.1.1:
  version "5.1.2"
  resolved "https://registry.npmjs.org/safe-buffer/-/safe-buffer-5.1.2.tgz"
  integrity sha512-Gd2UZBJDkXlY7GbJxfsE8/nvKkUEU1G38c1siN6QP6a9PT9MmHB8GnpscSmMJSoF8LOIrt8ud/wPtojys4G6+g==

sliding-window-max@^0.1.0:
  version "0.1.0"
  resolved "https://registry.npmjs.org/sliding-window-max/-/sliding-window-max-0.1.0.tgz"
  integrity sha512-V3qjkH7lS+umiaopShFxhildYhZQ5j57W1S5Pho3yQyP5fo/Kd7Vg+Dmpah4wHalCDTzE3qU35K4HupL8I5DyQ==

speaker@^0.3.0, speaker@^0.5.4:
  version "0.5.4"
  resolved "https://registry.npmjs.org/speaker/-/speaker-0.5.4.tgz"
  integrity sha512-0I35CJGgqU1rd/a3qVysR5gLlG+8QlzJcPAEnYvT0BLfuLdJ7JNdlQHwbh7ETNcXDXbzm2O148GEAoAER54Dvw==
  dependencies:
    bindings "^1.3.0"
    buffer-alloc "^1.1.0"
    debug "^4.0.0"

standardized-audio-context@^25.3.55:
  version "25.3.56"
  resolved "https://registry.npmjs.org/standardized-audio-context/-/standardized-audio-context-25.3.56.tgz"
  integrity sha512-f9pubvL/vilyGTQNa73dLX7bIa8V3XzBmKbfrgFF8Ac0EVdO2vIVQy9MSNDe/0pCot6ZxCxCzvVlHnEVHl8nRQ==
  dependencies:
    "@babel/runtime" "^7.22.6"
    automation-events "^6.0.8"
    tslib "^2.6.1"

string_decoder@~1.1.1:
  version "1.1.1"
  resolved "https://registry.npmjs.org/string_decoder/-/string_decoder-1.1.1.tgz"
  integrity sha512-n/ShnvDi6FHbbVfviro+WojiFzv+s8MPMHBczVePfUpDJLwoLT0ht1l4YwBCbi8pJAveEEdnkHyPyTP/mzRfwg==
  dependencies:
    safe-buffer "~5.1.0"

through@~2.3.4:
  version "2.3.8"
  resolved "https://registry.npmjs.org/through/-/through-2.3.8.tgz"
  integrity sha512-w89qg7PI8wAdvX60bMDP+bFoD5Dvhm9oLheFp5O4a2QF0cSBGsBX4qZmadPMvVqlLJBBci+WqGGOAPvcDeNSVg==

through2@^3.0.0:
  version "3.0.2"
  resolved "https://registry.npmjs.org/through2/-/through2-3.0.2.tgz"
  integrity sha512-enaDQ4MUyP2W6ZyT6EsMzqBPZaM/avg8iuo+l2d3QCs0J+6RaqkHV/2/lOwDTueBHeJ/2LG9lrLW3d5rWPucuQ==
  dependencies:
    inherits "^2.0.4"
    readable-stream "2 || 3"

tslib@^2.6.1:
  version "2.6.2"
  resolved "https://registry.npmjs.org/tslib/-/tslib-2.6.2.tgz"
  integrity sha512-AEYxH93jGFPn/a2iVAwW87VuUIkR1FVUKB77NwMF7nBTDkDrrT/Hpt/IrCJ0QXhW27jTBDcf5ZY7w6RiqTMw2Q==

underscore@1.4.x:
  version "1.4.4"
  resolved "https://registry.npmjs.org/underscore/-/underscore-1.4.4.tgz"
  integrity sha512-ZqGrAgaqqZM7LGRzNjLnw5elevWb5M8LEoDMadxIW3OWbcv72wMMgKdwOKpd5Fqxe8choLD8HN3iSj3TUh/giQ==

underscore@1.8.x:
  version "1.8.3"
  resolved "https://registry.npmjs.org/underscore/-/underscore-1.8.3.tgz"
  integrity sha512-5WsVTFcH1ut/kkhAaHf4PVgI8c7++GiVcpCGxPouI6ZVjsqPnSDf8h/8HtVqc0t4fzRXwnMK70EcZeAs3PIddg==

util-deprecate@~1.0.1:
  version "1.0.2"
  resolved "https://registry.npmjs.org/util-deprecate/-/util-deprecate-1.0.2.tgz"
  integrity sha512-EPD5q1uXyFxJpCrLnCc1nHnq3gOa6DZBocAIiI2TaSCA7VCJ1UJDMagCzIkXNsUYfD1daK//LTEQ8xiIbrHtcw==

web-audio-api@^0.2.2:
  version "0.2.2"
  resolved "https://registry.npmjs.org/web-audio-api/-/web-audio-api-0.2.2.tgz"
  integrity sha512-XidLn3tEz8V9jwuV4OOVTOgNHp3WT6SQwv28Ad3lNXU4R9aPxWDYnocfVBh/OIna96jYPpiuP74KvSrTIF0OTg==
  dependencies:
    aac "0.1.x"
    alac "0.1.x"
    async "0.9.x"
    audiobuffer "0.2.x"
    av "0.4.x"
    flac "0.3.x"
    mp3 "0.1.x"
    pcm-boilerplate "0.1.x"
    underscore "1.8.x"

web-audio-beat-detector-broker@^4.0.90:
  version "4.0.90"
  resolved "https://registry.npmjs.org/web-audio-beat-detector-broker/-/web-audio-beat-detector-broker-4.0.90.tgz"
  integrity sha512-OAi+4Ai7+w/a8Mpt4KpokKVsz9/FusmAz/d1D4JpP6uu8ty2Ks3FELN9I8g7K5+mj/7pWruV97aernsPLh2l0w==
  dependencies:
    "@babel/runtime" "^7.22.10"
    fast-unique-numbers "^8.0.7"
    standardized-audio-context "^25.3.55"
    tslib "^2.6.1"
    web-audio-beat-detector-worker "^5.2.41"

web-audio-beat-detector-worker@^5.2.41:
  version "5.2.41"
  resolved "https://registry.npmjs.org/web-audio-beat-detector-worker/-/web-audio-beat-detector-worker-5.2.41.tgz"
  integrity sha512-k15iFBkrpXYFXq90X7KaKQtBtC46JCDUKWwOOVAvubf1eDdVBZJ+Dte0L4FAO0mvF8qk4lre0M8mk8kSaeJfAg==
  dependencies:
    "@babel/runtime" "^7.22.10"
    tslib "^2.6.1"

web-audio-beat-detector@^8.1.53:
  version "8.1.53"
  resolved "https://registry.npmjs.org/web-audio-beat-detector/-/web-audio-beat-detector-8.1.53.tgz"
  integrity sha512-m+2W4db62m9MfoXI1CU2qVAMyUOzSmnHeotJsxuX0G7vsOkNEmho+zSLrP8nem4RZGbZPG5s3YuKfKvccsjwxw==
  dependencies:
    "@babel/runtime" "^7.22.10"
    tslib "^2.6.1"
    web-audio-beat-detector-broker "^4.0.90"
    web-audio-beat-detector-worker "^5.2.41"
